
Microsoft Visual Studio Solution File, Format Version 12.00
# Visual Studio Version 16
VisualStudioVersion = 16.0.30717.126
MinimumVisualStudioVersion = 10.0.40219.1
Project("{9A19103F-16F7-4668-BE54-9A1E7A4F7556}") = "DrWndr", "DrWndr\DrWndr\DrWndr.csproj", "{A90EA9A4-7338-4B19-A486-3968F510B634}"
EndProject
Project("{FAE04EC0-301F-11D3-BF4B-00C04F79EFBC}") = "DrWndr.Android", "DrWndr\DrWndr.Android\DrWndr.Android.csproj", "{86214BB7-9C9A-4F3E-AF68-855D7D003B2C}"
EndProject
Project("{FAE04EC0-301F-11D3-BF4B-00C04F79EFBC}") = "DrWndr.iOS", "DrWndr\DrWndr.iOS\DrWndr.iOS.csproj", "{FCE92D41-CF1B-4933-96D4-99E40CEA6DA4}"
EndProject
Project("{9A19103F-16F7-4668-BE54-9A1E7A4F7556}") = "DrWndr.Converter", "DrWndr\DrWndr.Converter\DrWndr.Converter.csproj", "{0064F0B2-1A97-4816-9588-E17346AA13A3}"
EndProject
Global
	GlobalSection(SolutionConfigurationPlatforms) = preSolution
		Ad-Hoc|Any CPU = Ad-Hoc|Any CPU
		Ad-Hoc|iPhone = Ad-Hoc|iPhone
		Ad-Hoc|iPhoneSimulator = Ad-Hoc|iPhoneSimulator
		AppStore|Any CPU = AppStore|Any CPU
		AppStore|iPhone = AppStore|iPhone
		AppStore|iPhoneSimulator = AppStore|iPhoneSimulator
		Debug|Any CPU = Debug|Any CPU
		Debug|iPhone = Debug|iPhone
		Debug|iPhoneSimulator = Debug|iPhoneSimulator
		Release|Any CPU = Release|Any CPU
		Release|iPhone = Release|iPhone
		Release|iPhoneSimulator = Release|iPhoneSimulator
	EndGlobalSection
	GlobalSection(ProjectConfigurationPlatforms) = postSolution
		{A90EA9A4-7338-4B19-A486-3968F510B634}.Ad-Hoc|Any CPU.ActiveCfg = Release|Any CPU
		{A90EA9A4-7338-4B19-A486-3968F510B634}.Ad-Hoc|iPhone.ActiveCfg = Debug|Any CPU
		{A90EA9A4-7338-4B19-A486-3968F510B634}.Ad-Hoc|iPhone.Build.0 = Debug|Any CPU
		{A90EA9A4-7338-4B19-A486-3968F510B634}.Ad-Hoc|iPhoneSimulator.ActiveCfg = Release|Any CPU
		{A90EA9A4-7338-4B19-A486-3968F510B634}.AppStore|Any CPU.ActiveCfg = Release|Any CPU
		{A90EA9A4-7338-4B19-A486-3968F510B634}.AppStore|iPhone.ActiveCfg = Debug|Any CPU
		{A90EA9A4-7338-4B19-A486-3968F510B634}.AppStore|iPhone.Build.0 = Debug|Any CPU
		{A90EA9A4-7338-4B19-A486-3968F510B634}.AppStore|iPhoneSimulator.ActiveCfg = Release|Any CPU
		{A90EA9A4-7338-4B19-A486-3968F510B634}.Debug|Any CPU.ActiveCfg = Debug|Any CPU
		{A90EA9A4-7338-4B19-A486-3968F510B634}.Debug|Any CPU.Build.0 = Debug|Any CPU
		{A90EA9A4-7338-4B19-A486-3968F510B634}.Debug|iPhone.ActiveCfg = Debug|Any CPU
		{A90EA9A4-7338-4B19-A486-3968F510B634}.Debug|iPhone.Build.0 = Debug|Any CPU
		{A90EA9A4-7338-4B19-A486-3968F510B634}.Debug|iPhoneSimulator.ActiveCfg = Debug|Any CPU
		{A90EA9A4-7338-4B19-A486-3968F510B634}.Debug|iPhoneSimulator.Build.0 = Debug|Any CPU
		{A90EA9A4-7338-4B19-A486-3968F510B634}.Release|Any CPU.ActiveCfg = Release|Any CPU
		{A90EA9A4-7338-4B19-A486-3968F510B634}.Release|Any CPU.Build.0 = Release|Any CPU
		{A90EA9A4-7338-4B19-A486-3968F510B634}.Release|iPhone.ActiveCfg = Release|Any CPU
		{A90EA9A4-7338-4B19-A486-3968F510B634}.Release|iPhone.Build.0 = Release|Any CPU
		{A90EA9A4-7338-4B19-A486-3968F510B634}.Release|iPhoneSimulator.ActiveCfg = Release|Any CPU
		{A90EA9A4-7338-4B19-A486-3968F510B634}.Release|iPhoneSimulator.Build.0 = Release|Any CPU
		{86214BB7-9C9A-4F3E-AF68-855D7D003B2C}.Ad-Hoc|Any CPU.ActiveCfg = Release|Any CPU
		{86214BB7-9C9A-4F3E-AF68-855D7D003B2C}.Ad-Hoc|Any CPU.Build.0 = Release|Any CPU
		{86214BB7-9C9A-4F3E-AF68-855D7D003B2C}.Ad-Hoc|Any CPU.Deploy.0 = Release|Any CPU
		{86214BB7-9C9A-4F3E-AF68-855D7D003B2C}.Ad-Hoc|iPhone.ActiveCfg = Debug|Any CPU
		{86214BB7-9C9A-4F3E-AF68-855D7D003B2C}.Ad-Hoc|iPhone.Build.0 = Debug|Any CPU
		{86214BB7-9C9A-4F3E-AF68-855D7D003B2C}.Ad-Hoc|iPhone.Deploy.0 = Debug|Any CPU
		{86214BB7-9C9A-4F3E-AF68-855D7D003B2C}.Ad-Hoc|iPhoneSimulator.ActiveCfg = Release|Any CPU
		{86214BB7-9C9A-4F3E-AF68-855D7D003B2C}.Ad-Hoc|iPhoneSimulator.Build.0 = Release|Any CPU
		{86214BB7-9C9A-4F3E-AF68-855D7D003B2C}.Ad-Hoc|iPhoneSimulator.Deploy.0 = Release|Any CPU
		{86214BB7-9C9A-4F3E-AF68-855D7D003B2C}.AppStore|Any CPU.ActiveCfg = Release|Any CPU
		{86214BB7-9C9A-4F3E-AF68-855D7D003B2C}.AppStore|Any CPU.Build.0 = Release|Any CPU
		{86214BB7-9C9A-4F3E-AF68-855D7D003B2C}.AppStore|Any CPU.Deploy.0 = Release|Any CPU
		{86214BB7-9C9A-4F3E-AF68-855D7D003B2C}.AppStore|iPhone.ActiveCfg = Debug|Any CPU
		{86214BB7-9C9A-4F3E-AF68-855D7D003B2C}.AppStore|iPhone.Build.0 = Debug|Any CPU
		{86214BB7-9C9A-4F3E-AF68-855D7D003B2C}.AppStore|iPhone.Deploy.0 = Debug|Any CPU
		{86214BB7-9C9A-4F3E-AF68-855D7D003B2C}.AppStore|iPhoneSimulator.ActiveCfg = Release|Any CPU
		{86214BB7-9C9A-4F3E-AF68-855D7D003B2C}.AppStore|iPhoneSimulator.Build.0 = Release|Any CPU
		{86214BB7-9C9A-4F3E-AF68-855D7D003B2C}.AppStore|iPhoneSimulator.Deploy.0 = Release|Any CPU
		{86214BB7-9C9A-4F3E-AF68-855D7D003B2C}.Debug|Any CPU.ActiveCfg = Debug|Any CPU
		{86214BB7-9C9A-4F3E-AF68-855D7D003B2C}.Debug|Any CPU.Build.0 = Debug|Any CPU
		{86214BB7-9C9A-4F3E-AF68-855D7D003B2C}.Debug|Any CPU.Deploy.0 = Debug|Any CPU
		{86214BB7-9C9A-4F3E-AF68-855D7D003B2C}.Debug|iPhone.ActiveCfg = Debug|Any CPU
		{86214BB7-9C9A-4F3E-AF68-855D7D003B2C}.Debug|iPhone.Build.0 = Debug|Any CPU
		{86214BB7-9C9A-4F3E-AF68-855D7D003B2C}.Debug|iPhone.Deploy.0 = Debug|Any CPU
		{86214BB7-9C9A-4F3E-AF68-855D7D003B2C}.Debug|iPhoneSimulator.ActiveCfg = Debug|Any CPU
		{86214BB7-9C9A-4F3E-AF68-855D7D003B2C}.Debug|iPhoneSimulator.Build.0 = Debug|Any CPU
		{86214BB7-9C9A-4F3E-AF68-855D7D003B2C}.Debug|iPhoneSimulator.Deploy.0 = Debug|Any CPU
		{86214BB7-9C9A-4F3E-AF68-855D7D003B2C}.Release|Any CPU.ActiveCfg = Release|Any CPU
		{86214BB7-9C9A-4F3E-AF68-855D7D003B2C}.Release|Any CPU.Build.0 = Release|Any CPU
		{86214BB7-9C9A-4F3E-AF68-855D7D003B2C}.Release|Any CPU.Deploy.0 = Release|Any CPU
		{86214BB7-9C9A-4F3E-AF68-855D7D003B2C}.Release|iPhone.ActiveCfg = Release|Any CPU
		{86214BB7-9C9A-4F3E-AF68-855D7D003B2C}.Release|iPhone.Build.0 = Release|Any CPU
		{86214BB7-9C9A-4F3E-AF68-855D7D003B2C}.Release|iPhone.Deploy.0 = Release|Any CPU
		{86214BB7-9C9A-4F3E-AF68-855D7D003B2C}.Release|iPhoneSimulator.ActiveCfg = Release|Any CPU
		{86214BB7-9C9A-4F3E-AF68-855D7D003B2C}.Release|iPhoneSimulator.Build.0 = Release|Any CPU
		{86214BB7-9C9A-4F3E-AF68-855D7D003B2C}.Release|iPhoneSimulator.Deploy.0 = Release|Any CPU
		{FCE92D41-CF1B-4933-96D4-99E40CEA6DA4}.Ad-Hoc|Any CPU.ActiveCfg = Ad-Hoc|iPhoneSimulator
		{FCE92D41-CF1B-4933-96D4-99E40CEA6DA4}.Ad-Hoc|iPhone.ActiveCfg = Ad-Hoc|iPhone
		{FCE92D41-CF1B-4933-96D4-99E40CEA6DA4}.Ad-Hoc|iPhone.Build.0 = Ad-Hoc|iPhone
		{FCE92D41-CF1B-4933-96D4-99E40CEA6DA4}.Ad-Hoc|iPhone.Deploy.0 = Ad-Hoc|iPhone
		{FCE92D41-CF1B-4933-96D4-99E40CEA6DA4}.Ad-Hoc|iPhoneSimulator.ActiveCfg = Ad-Hoc|iPhoneSimulator
		{FCE92D41-CF1B-4933-96D4-99E40CEA6DA4}.Ad-Hoc|iPhoneSimulator.Build.0 = Ad-Hoc|iPhoneSimulator
		{FCE92D41-CF1B-4933-96D4-99E40CEA6DA4}.AppStore|Any CPU.ActiveCfg = AppStore|iPhoneSimulator
		{FCE92D41-CF1B-4933-96D4-99E40CEA6DA4}.AppStore|iPhone.ActiveCfg = AppStore|iPhone
		{FCE92D41-CF1B-4933-96D4-99E40CEA6DA4}.AppStore|iPhone.Build.0 = AppStore|iPhone
		{FCE92D41-CF1B-4933-96D4-99E40CEA6DA4}.AppStore|iPhone.Deploy.0 = AppStore|iPhone
		{FCE92D41-CF1B-4933-96D4-99E40CEA6DA4}.AppStore|iPhoneSimulator.ActiveCfg = AppStore|iPhoneSimulator
		{FCE92D41-CF1B-4933-96D4-99E40CEA6DA4}.AppStore|iPhoneSimulator.Build.0 = AppStore|iPhoneSimulator
		{FCE92D41-CF1B-4933-96D4-99E40CEA6DA4}.Debug|Any CPU.ActiveCfg = Debug|iPhoneSimulator
		{FCE92D41-CF1B-4933-96D4-99E40CEA6DA4}.Debug|Any CPU.Build.0 = Debug|iPhoneSimulator
		{FCE92D41-CF1B-4933-96D4-99E40CEA6DA4}.Debug|Any CPU.Deploy.0 = Debug|iPhoneSimulator
		{FCE92D41-CF1B-4933-96D4-99E40CEA6DA4}.Debug|iPhone.ActiveCfg = Debug|iPhone
		{FCE92D41-CF1B-4933-96D4-99E40CEA6DA4}.Debug|iPhone.Build.0 = Debug|iPhone
		{FCE92D41-CF1B-4933-96D4-99E40CEA6DA4}.Debug|iPhone.Deploy.0 = Debug|iPhone
		{FCE92D41-CF1B-4933-96D4-99E40CEA6DA4}.Debug|iPhoneSimulator.ActiveCfg = Debug|iPhoneSimulator
		{FCE92D41-CF1B-4933-96D4-99E40CEA6DA4}.Debug|iPhoneSimulator.Build.0 = Debug|iPhoneSimulator
		{FCE92D41-CF1B-4933-96D4-99E40CEA6DA4}.Debug|iPhoneSimulator.Deploy.0 = Debug|iPhoneSimulator
		{FCE92D41-CF1B-4933-96D4-99E40CEA6DA4}.Release|Any CPU.ActiveCfg = Release|iPhoneSimulator
		{FCE92D41-CF1B-4933-96D4-99E40CEA6DA4}.Release|Any CPU.Build.0 = Release|iPhoneSimulator
		{FCE92D41-CF1B-4933-96D4-99E40CEA6DA4}.Release|Any CPU.Deploy.0 = Release|iPhoneSimulator
		{FCE92D41-CF1B-4933-96D4-99E40CEA6DA4}.Release|iPhone.ActiveCfg = Release|iPhone
		{FCE92D41-CF1B-4933-96D4-99E40CEA6DA4}.Release|iPhone.Build.0 = Release|iPhone
		{FCE92D41-CF1B-4933-96D4-99E40CEA6DA4}.Release|iPhone.Deploy.0 = Release|iPhone
		{FCE92D41-CF1B-4933-96D4-99E40CEA6DA4}.Release|iPhoneSimulator.ActiveCfg = Release|iPhoneSimulator
		{FCE92D41-CF1B-4933-96D4-99E40CEA6DA4}.Release|iPhoneSimulator.Build.0 = Release|iPhoneSimulator
		{FCE92D41-CF1B-4933-96D4-99E40CEA6DA4}.Release|iPhoneSimulator.Deploy.0 = Release|iPhoneSimulator
		{0064F0B2-1A97-4816-9588-E17346AA13A3}.Ad-Hoc|Any CPU.ActiveCfg = Debug|Any CPU
		{0064F0B2-1A97-4816-9588-E17346AA13A3}.Ad-Hoc|Any CPU.Build.0 = Debug|Any CPU
		{0064F0B2-1A97-4816-9588-E17346AA13A3}.Ad-Hoc|iPhone.ActiveCfg = Debug|Any CPU
		{0064F0B2-1A97-4816-9588-E17346AA13A3}.Ad-Hoc|iPhone.Build.0 = Debug|Any CPU
		{0064F0B2-1A97-4816-9588-E17346AA13A3}.Ad-Hoc|iPhoneSimulator.ActiveCfg = Debug|Any CPU
		{0064F0B2-1A97-4816-9588-E17346AA13A3}.Ad-Hoc|iPhoneSimulator.Build.0 = Debug|Any CPU
		{0064F0B2-1A97-4816-9588-E17346AA13A3}.AppStore|Any CPU.ActiveCfg = Debug|Any CPU
		{0064F0B2-1A97-4816-9588-E17346AA13A3}.AppStore|Any CPU.Build.0 = Debug|Any CPU
		{0064F0B2-1A97-4816-9588-E17346AA13A3}.AppStore|iPhone.ActiveCfg = Debug|Any CPU
		{0064F0B2-1A97-4816-9588-E17346AA13A3}.AppStore|iPhone.Build.0 = Debug|Any CPU
		{0064F0B2-1A97-4816-9588-E17346AA13A3}.AppStore|iPhoneSimulator.ActiveCfg = Debug|Any CPU
		{0064F0B2-1A97-4816-9588-E17346AA13A3}.AppStore|iPhoneSimulator.Build.0 = Debug|Any CPU
		{0064F0B2-1A97-4816-9588-E17346AA13A3}.Debug|Any CPU.ActiveCfg = Debug|Any CPU
		{0064F0B2-1A97-4816-9588-E17346AA13A3}.Debug|Any CPU.Build.0 = Debug|Any CPU
		{0064F0B2-1A97-4816-9588-E17346AA13A3}.Debug|iPhone.ActiveCfg = Debug|Any CPU
		{0064F0B2-1A97-4816-9588-E17346AA13A3}.Debug|iPhone.Build.0 = Debug|Any CPU
		{0064F0B2-1A97-4816-9588-E17346AA13A3}.Debug|iPhoneSimulator.ActiveCfg = Debug|Any CPU
		{0064F0B2-1A97-4816-9588-E17346AA13A3}.Debug|iPhoneSimulator.Build.0 = Debug|Any CPU
		{0064F0B2-1A97-4816-9588-E17346AA13A3}.Release|Any CPU.ActiveCfg = Release|Any CPU
		{0064F0B2-1A97-4816-9588-E17346AA13A3}.Release|Any CPU.Build.0 = Release|Any CPU
		{0064F0B2-1A97-4816-9588-E17346AA13A3}.Release|iPhone.ActiveCfg = Release|Any CPU
		{0064F0B2-1A97-4816-9588-E17346AA13A3}.Release|iPhone.Build.0 = Release|Any CPU
		{0064F0B2-1A97-4816-9588-E17346AA13A3}.Release|iPhoneSimulator.ActiveCfg = Release|Any CPU
		{0064F0B2-1A97-4816-9588-E17346AA13A3}.Release|iPhoneSimulator.Build.0 = Release|Any CPU
	EndGlobalSection
	GlobalSection(SolutionProperties) = preSolution
		HideSolutionNode = FALSE
	EndGlobalSection
	GlobalSection(ExtensibilityGlobals) = postSolution
		SolutionGuid = {C3FF9253-52CB-4E4E-AF64-771F76D99220}
	EndGlobalSection
EndGlobal
